// !$*UTF8*$!
{
	archiveVersion = 1;
	classes = {
	};
	objectVersion = 56;
	objects = {

/* Begin PBXBuildFile section */
		FE81A2062C42C6AC00AE5150 /* Data.swift in Sources */ = {isa = PBXBuildFile; fileRef = FE81A2052C42C6AC00AE5150 /* Data.swift */; };
		FE81A2082C42C6C600AE5150 /* Categories.swift in Sources */ = {isa = PBXBuildFile; fileRef = FE81A2072C42C6C600AE5150 /* Categories.swift */; };
		FE81A20A2C42C6E400AE5150 /* AddNoteView.swift in Sources */ = {isa = PBXBuildFile; fileRef = FE81A2092C42C6E400AE5150 /* AddNoteView.swift */; };
		FE81A20C2C42C6FC00AE5150 /* NoteView.swift in Sources */ = {isa = PBXBuildFile; fileRef = FE81A20B2C42C6FC00AE5150 /* NoteView.swift */; };
		FE81A20E2C42C71900AE5150 /* NoteDetailView.swift in Sources */ = {isa = PBXBuildFile; fileRef = FE81A20D2C42C71900AE5150 /* NoteDetailView.swift */; };
		FE81A2102C42C72B00AE5150 /* AddCategoryView.swift in Sources */ = {isa = PBXBuildFile; fileRef = FE81A20F2C42C72B00AE5150 /* AddCategoryView.swift */; };
		FE81A2122C42C73A00AE5150 /* EditNoteView.swift in Sources */ = {isa = PBXBuildFile; fileRef = FE81A2112C42C73A00AE5150 /* EditNoteView.swift */; };
		FEA73C3A2C428BEB00671F47 /* Notes_AppApp.swift in Sources */ = {isa = PBXBuildFile; fileRef = FEA73C392C428BEB00671F47 /* Notes_AppApp.swift */; };
		FEA73C3C2C428BEB00671F47 /* ContentView.swift in Sources */ = {isa = PBXBuildFile; fileRef = FEA73C3B2C428BEB00671F47 /* ContentView.swift */; };
		FEA73C3E2C428BEC00671F47 /* Assets.xcassets in Resources */ = {isa = PBXBuildFile; fileRef = FEA73C3D2C428BEC00671F47 /* Assets.xcassets */; };
		FEA73C412C428BEC00671F47 /* Preview Assets.xcassets in Resources */ = {isa = PBXBuildFile; fileRef = FEA73C402C428BEC00671F47 /* Preview Assets.xcassets */; };
		FEA73C482C428C0200671F47 /* Notes.swift in Sources */ = {isa = PBXBuildFile; fileRef = FEA73C472C428C0200671F47 /* Notes.swift */; };
/* End PBXBuildFile section */

/* Begin PBXFileReference section */
		FE81A2052C42C6AC00AE5150 /* Data.swift */ = {isa = PBXFileReference; lastKnownFileType = sourcecode.swift; path = Data.swift; sourceTree = "<group>"; };
		FE81A2072C42C6C600AE5150 /* Categories.swift */ = {isa = PBXFileReference; lastKnownFileType = sourcecode.swift; path = Categories.swift; sourceTree = "<group>"; };
		FE81A2092C42C6E400AE5150 /* AddNoteView.swift */ = {isa = PBXFileReference; lastKnownFileType = sourcecode.swift; path = AddNoteView.swift; sourceTree = "<group>"; };
		FE81A20B2C42C6FC00AE5150 /* NoteView.swift */ = {isa = PBXFileReference; lastKnownFileType = sourcecode.swift; path = NoteView.swift; sourceTree = "<group>"; };
		FE81A20D2C42C71900AE5150 /* NoteDetailView.swift */ = {isa = PBXFileReference; lastKnownFileType = sourcecode.swift; path = NoteDetailView.swift; sourceTree = "<group>"; };
		FE81A20F2C42C72B00AE5150 /* AddCategoryView.swift */ = {isa = PBXFileReference; lastKnownFileType = sourcecode.swift; path = AddCategoryView.swift; sourceTree = "<group>"; };
		FE81A2112C42C73A00AE5150 /* EditNoteView.swift */ = {isa = PBXFileReference; lastKnownFileType = sourcecode.swift; path = EditNoteView.swift; sourceTree = "<group>"; };
		FEA73C362C428BEB00671F47 /* Notes App.app */ = {isa = PBXFileReference; explicitFileType = wrapper.application; includeInIndex = 0; path = "Notes App.app"; sourceTree = BUILT_PRODUCTS_DIR; };
		FEA73C392C428BEB00671F47 /* Notes_AppApp.swift */ = {isa = PBXFileReference; lastKnownFileType = sourcecode.swift; path = Notes_AppApp.swift; sourceTree = "<group>"; };
		FEA73C3B2C428BEB00671F47 /* ContentView.swift */ = {isa = PBXFileReference; lastKnownFileType = sourcecode.swift; path = ContentView.swift; sourceTree = "<group>"; };
		FEA73C3D2C428BEC00671F47 /* Assets.xcassets */ = {isa = PBXFileReference; lastKnownFileType = folder.assetcatalog; path = Assets.xcassets; sourceTree = "<group>"; };
		FEA73C402C428BEC00671F47 /* Preview Assets.xcassets */ = {isa = PBXFileReference; lastKnownFileType = folder.assetcatalog; path = "Preview Assets.xcassets"; sourceTree = "<group>"; };
		FEA73C472C428C0200671F47 /* Notes.swift */ = {isa = PBXFileReference; lastKnownFileType = sourcecode.swift; path = Notes.swift; sourceTree = "<group>"; };
/* End PBXFileReference section */

/* Begin PBXFrameworksBuildPhase section */
		FEA73C332C428BEB00671F47 /* Frameworks */ = {
			isa = PBXFrameworksBuildPhase;
			buildActionMask = 2147483647;
			files = (
			);
			runOnlyForDeploymentPostprocessing = 0;
		};
/* End PBXFrameworksBuildPhase section */

/* Begin PBXGroup section */
		FEA73C2D2C428BEB00671F47 = {
			isa = PBXGroup;
			children = (
				FEA73C382C428BEB00671F47 /* Notes App */,
				FEA73C372C428BEB00671F47 /* Products */,
			);
			sourceTree = "<group>";
		};
		FEA73C372C428BEB00671F47 /* Products */ = {
			isa = PBXGroup;
			children = (
				FEA73C362C428BEB00671F47 /* Notes App.app */,
			);
			name = Products;
			sourceTree = "<group>";
		};
		FEA73C382C428BEB00671F47 /* Notes App */ = {
			isa = PBXGroup;
			children = (
				FEA73C392C428BEB00671F47 /* Notes_AppApp.swift */,
				FEA73C3B2C428BEB00671F47 /* ContentView.swift */,
				FE81A2092C42C6E400AE5150 /* AddNoteView.swift */,
				FE81A20B2C42C6FC00AE5150 /* NoteView.swift */,
				FE81A20D2C42C71900AE5150 /* NoteDetailView.swift */,
				FE81A20F2C42C72B00AE5150 /* AddCategoryView.swift */,
				FE81A2112C42C73A00AE5150 /* EditNoteView.swift */,
				FEA73C3D2C428BEC00671F47 /* Assets.xcassets */,
				FEA73C3F2C428BEC00671F47 /* Preview Content */,
				FEA73C472C428C0200671F47 /* Notes.swift */,
				FE81A2052C42C6AC00AE5150 /* Data.swift */,
				FE81A2072C42C6C600AE5150 /* Categories.swift */,
			);
			path = "Notes App";
			sourceTree = "<group>";
		};
		FEA73C3F2C428BEC00671F47 /* Preview Content */ = {
			isa = PBXGroup;
			children = (
				FEA73C402C428BEC00671F47 /* Preview Assets.xcassets */,
			);
			path = "Preview Content";
			sourceTree = "<group>";
		};
/* End PBXGroup section */

/* Begin PBXNativeTarget section */
		FEA73C352C428BEB00671F47 /* Notes App */ = {
			isa = PBXNativeTarget;
			buildConfigurationList = FEA73C442C428BEC00671F47 /* Build configuration list for PBXNativeTarget "Notes App" */;
			buildPhases = (
				FEA73C322C428BEB00671F47 /* Sources */,
				FEA73C332C428BEB00671F47 /* Frameworks */,
				FEA73C342C428BEB00671F47 /* Resources */,
			);
			buildRules = (
			);
			dependencies = (
			);
			name = "Notes App";
			productName = "Notes App";
			productReference = FEA73C362C428BEB00671F47 /* Notes App.app */;
			productType = "com.apple.product-type.application";
		};
/* End PBXNativeTarget section */

/* Begin PBXProject section */
		FEA73C2E2C428BEB00671F47 /* Project object */ = {
			isa = PBXProject;
			attributes = {
				BuildIndependentTargetsInParallel = 1;
				LastSwiftUpdateCheck = 1520;
				LastUpgradeCheck = 1520;
				TargetAttributes = {
					FEA73C352C428BEB00671F47 = {
						CreatedOnToolsVersion = 15.2;
					};
				};
			};
			buildConfigurationList = FEA73C312C428BEB00671F47 /* Build configuration list for PBXProject "Notes App" */;
			compatibilityVersion = "Xcode 14.0";
			developmentRegion = en;
			hasScannedForEncodings = 0;
			knownRegions = (
				en,
				Base,
			);
			mainGroup = FEA73C2D2C428BEB00671F47;
			productRefGroup = FEA73C372C428BEB00671F47 /* Products */;
			projectDirPath = "";
			projectRoot = "";
			targets = (
				FEA73C352C428BEB00671F47 /* Notes App */,
			);
		};
/* End PBXProject section */

/* Begin PBXResourcesBuildPhase section */
		FEA73C342C428BEB00671F47 /* Resources */ = {
			isa = PBXResourcesBuildPhase;
			buildActionMask = 2147483647;
			files = (
				FEA73C412C428BEC00671F47 /* Preview Assets.xcassets in Resources */,
				FEA73C3E2C428BEC00671F47 /* Assets.xcassets in Resources */,
			);
			runOnlyForDeploymentPostprocessing = 0;
		};
/* End PBXResourcesBuildPhase section */

/* Begin PBXSourcesBuildPhase section */
		FEA73C322C428BEB00671F47 /* Sources */ = {
			isa = PBXSourcesBuildPhase;
			buildActionMask = 2147483647;
			files = (
				FE81A20A2C42C6E400AE5150 /* AddNoteView.swift in Sources */,
				FEA73C3C2C428BEB00671F47 /* ContentView.swift in Sources */,
				FEA73C3A2C428BEB00671F47 /* Notes_AppApp.swift in Sources */,
				FE81A2102C42C72B00AE5150 /* AddCategoryView.swift in Sources */,
				FE81A20E2C42C71900AE5150 /* NoteDetailView.swift in Sources */,
				FE81A2082C42C6C600AE5150 /* Categories.swift in Sources */,
				FEA73C482C428C0200671F47 /* Notes.swift in Sources */,
				FE81A20C2C42C6FC00AE5150 /* NoteView.swift in Sources */,
				FE81A2122C42C73A00AE5150 /* EditNoteView.swift in Sources */,
				FE81A2062C42C6AC00AE5150 /* Data.swift in Sources */,
			);
			runOnlyForDeploymentPostprocessing = 0;
		};
/* End PBXSourcesBuildPhase section */

/* Begin XCBuildConfiguration section */
		FEA73C422C428BEC00671F47 /* Debug */ = {
			isa = XCBuildConfiguration;
			buildSettings = {
				ALWAYS_SEARCH_USER_PATHS = NO;
				ASSETCATALOG_COMPILER_GENERATE_SWIFT_ASSET_SYMBOL_EXTENSIONS = YES;
				CLANG_ANALYZER_NONNULL = YES;
				CLANG_ANALYZER_NUMBER_OBJECT_CONVERSION = YES_AGGRESSIVE;
				CLANG_CXX_LANGUAGE_STANDARD = "gnu++20";
				CLANG_ENABLE_MODULES = YES;
				CLANG_ENABLE_OBJC_ARC = YES;
				CLANG_ENABLE_OBJC_WEAK = YES;
				CLANG_WARN_BLOCK_CAPTURE_AUTORELEASING = YES;
				CLANG_WARN_BOOL_CONVERSION = YES;
				CLANG_WARN_COMMA = YES;
				CLANG_WARN_CONSTANT_CONVERSION = YES;
				CLANG_WARN_DEPRECATED_OBJC_IMPLEMENTATIONS = YES;
				CLANG_WARN_DIRECT_OBJC_ISA_USAGE = YES_ERROR;
				CLANG_WARN_DOCUMENTATION_COMMENTS = YES;
				CLANG_WARN_EMPTY_BODY = YES;
				CLANG_WARN_ENUM_CONVERSION = YES;
				CLANG_WARN_INFINITE_RECURSION = YES;
				CLANG_WARN_INT_CONVERSION = YES;
				CLANG_WARN_NON_LITERAL_NULL_CONVERSION = YES;
				CLANG_WARN_OBJC_IMPLICIT_RETAIN_SELF = YES;
				CLANG_WARN_OBJC_LITERAL_CONVERSION = YES;
				CLANG_WARN_OBJC_ROOT_CLASS = YES_ERROR;
				CLANG_WARN_QUOTED_INCLUDE_IN_FRAMEWORK_HEADER = YES;
				CLANG_WARN_RANGE_LOOP_ANALYSIS = YES;
				CLANG_WARN_STRICT_PROTOTYPES = YES;
				CLANG_WARN_SUSPICIOUS_MOVE = YES;
				CLANG_WARN_UNGUARDED_AVAILABILITY = YES_AGGRESSIVE;
				CLANG_WARN_UNREACHABLE_CODE = YES;
				CLANG_WARN__DUPLICATE_METHOD_MATCH = YES;
				COPY_PHASE_STRIP = NO;
				DEBUG_INFORMATION_FORMAT = dwarf;
				ENABLE_STRICT_OBJC_MSGSEND = YES;
				ENABLE_TESTABILITY = YES;
				ENABLE_USER_SCRIPT_SANDBOXING = YES;
				GCC_C_LANGUAGE_STANDARD = gnu17;
				GCC_DYNAMIC_NO_PIC = NO;
				GCC_NO_COMMON_BLOCKS = YES;
				GCC_OPTIMIZATION_LEVEL = 0;
				GCC_PREPROCESSOR_DEFINITIONS = (
					"DEBUG=1",
					"$(inherited)",
				);
				GCC_WARN_64_TO_32_BIT_CONVERSION = YES;
				GCC_WARN_ABOUT_RETURN_TYPE = YES_ERROR;
				GCC_WARN_UNDECLARED_SELECTOR = YES;
				GCC_WARN_UNINITIALIZED_AUTOS = YES_AGGRESSIVE;
				GCC_WARN_UNUSED_FUNCTION = YES;
				GCC_WARN_UNUSED_VARIABLE = YES;
				IPHONEOS_DEPLOYMENT_TARGET = 17.2;
				LOCALIZATION_PREFERS_STRING_CATALOGS = YES;
				MTL_ENABLE_DEBUG_INFO = INCLUDE_SOURCE;
				MTL_FAST_MATH = YES;
				ONLY_ACTIVE_ARCH = YES;
				SDKROOT = iphoneos;
				SWIFT_ACTIVE_COMPILATION_CONDITIONS = "DEBUG $(inherited)";
				SWIFT_OPTIMIZATION_LEVEL = "-Onone";
			};
			name = Debug;
		};
		FEA73C432C428BEC00671F47 /* Release */ = {
			isa = XCBuildConfiguration;
			buildSettings = {
				ALWAYS_SEARCH_USER_PATHS = NO;
				ASSETCATALOG_COMPILER_GENERATE_SWIFT_ASSET_SYMBOL_EXTENSIONS = YES;
				CLANG_ANALYZER_NONNULL = YES;
				CLANG_ANALYZER_NUMBER_OBJECT_CONVERSION = YES_AGGRESSIVE;
				CLANG_CXX_LANGUAGE_STANDARD = "gnu++20";
				CLANG_ENABLE_MODULES = YES;
				CLANG_ENABLE_OBJC_ARC = YES;
				CLANG_ENABLE_OBJC_WEAK = YES;
				CLANG_WARN_BLOCK_CAPTURE_AUTORELEASING = YES;
				CLANG_WARN_BOOL_CONVERSION = YES;
				CLANG_WARN_COMMA = YES;
				CLANG_WARN_CONSTANT_CONVERSION = YES;
				CLANG_WARN_DEPRECATED_OBJC_IMPLEMENTATIONS = YES;
				CLANG_WARN_DIRECT_OBJC_ISA_USAGE = YES_ERROR;
				CLANG_WARN_DOCUMENTATION_COMMENTS = YES;
				CLANG_WARN_EMPTY_BODY = YES;
				CLANG_WARN_ENUM_CONVERSION = YES;
				CLANG_WARN_INFINITE_RECURSION = YES;
				CLANG_WARN_INT_CONVERSION = YES;
				CLANG_WARN_NON_LITERAL_NULL_CONVERSION = YES;
				CLANG_WARN_OBJC_IMPLICIT_RETAIN_SELF = YES;
				CLANG_WARN_OBJC_LITERAL_CONVERSION = YES;
				CLANG_WARN_OBJC_ROOT_CLASS = YES_ERROR;
				CLANG_WARN_QUOTED_INCLUDE_IN_FRAMEWORK_HEADER = YES;
				CLANG_WARN_RANGE_LOOP_ANALYSIS = YES;
				CLANG_WARN_STRICT_PROTOTYPES = YES;
				CLANG_WARN_SUSPICIOUS_MOVE = YES;
				CLANG_WARN_UNGUARDED_AVAILABILITY = YES_AGGRESSIVE;
				CLANG_WARN_UNREACHABLE_CODE = YES;
				CLANG_WARN__DUPLICATE_METHOD_MATCH = YES;
				COPY_PHASE_STRIP = NO;
				DEBUG_INFORMATION_FORMAT = "dwarf-with-dsym";
				ENABLE_NS_ASSERTIONS = NO;
				ENABLE_STRICT_OBJC_MSGSEND = YES;
				ENABLE_USER_SCRIPT_SANDBOXING = YES;
				GCC_C_LANGUAGE_STANDARD = gnu17;
				GCC_NO_COMMON_BLOCKS = YES;
				GCC_WARN_64_TO_32_BIT_CONVERSION = YES;
				GCC_WARN_ABOUT_RETURN_TYPE = YES_ERROR;
				GCC_WARN_UNDECLARED_SELECTOR = YES;
				GCC_WARN_UNINITIALIZED_AUTOS = YES_AGGRESSIVE;
				GCC_WARN_UNUSED_FUNCTION = YES;
				GCC_WARN_UNUSED_VARIABLE = YES;
				IPHONEOS_DEPLOYMENT_TARGET = 17.2;
				LOCALIZATION_PREFERS_STRING_CATALOGS = YES;
				MTL_ENABLE_DEBUG_INFO = NO;
				MTL_FAST_MATH = YES;
				SDKROOT = iphoneos;
				SWIFT_COMPILATION_MODE = wholemodule;
				VALIDATE_PRODUCT = YES;
			};
			name = Release;
		};
		FEA73C452C428BEC00671F47 /* Debug */ = {
			isa = XCBuildConfiguration;
			buildSettings = {
				ASSETCATALOG_COMPILER_APPICON_NAME = AppIcon;
				ASSETCATALOG_COMPILER_GLOBAL_ACCENT_COLOR_NAME = AccentColor;
				CODE_SIGN_STYLE = Automatic;
				CURRENT_PROJECT_VERSION = 1;
				DEVELOPMENT_ASSET_PATHS = "\"Notes App/Preview Content\"";
				ENABLE_PREVIEWS = YES;
				GENERATE_INFOPLIST_FILE = YES;
				INFOPLIST_KEY_UIApplicationSceneManifest_Generation = YES;
				INFOPLIST_KEY_UIApplicationSupportsIndirectInputEvents = YES;
				INFOPLIST_KEY_UILaunchScreen_Generation = YES;
				INFOPLIST_KEY_UISupportedInterfaceOrientations_iPad = "UIInterfaceOrientationPortrait UIInterfaceOrientationPortraitUpsideDown UIInterfaceOrientationLandscapeLeft UIInterfaceOrientationLandscapeRight";
				INFOPLIST_KEY_UISupportedInterfaceOrientations_iPhone = "UIInterfaceOrientationPortrait UIInterfaceOrientationLandscapeLeft UIInterfaceOrientationLandscapeRight";
				LD_RUNPATH_SEARCH_PATHS = (
					"$(inherited)",
					"@executable_path/Frameworks",
				);
				MARKETING_VERSION = 1.0;
				PRODUCT_BUNDLE_IDENTIFIER = "com.swift.srl.Notes-App";
				PRODUCT_NAME = "$(TARGET_NAME)";
				SWIFT_EMIT_LOC_STRINGS = YES;
				SWIFT_VERSION = 5.0;
				TARGETED_DEVICE_FAMILY = "1,2";
			};
			name = Debug;
		};
		FEA73C462C428BEC00671F47 /* Release */ = {
			isa = XCBuildConfiguration;
			buildSettings = {
				ASSETCATALOG_COMPILER_APPICON_NAME = AppIcon;
				ASSETCATALOG_COMPILER_GLOBAL_ACCENT_COLOR_NAME = AccentColor;
				CODE_SIGN_STYLE = Automatic;
				CURRENT_PROJECT_VERSION = 1;
				DEVELOPMENT_ASSET_PATHS = "\"Notes App/Preview Content\"";
				ENABLE_PREVIEWS = YES;
				GENERATE_INFOPLIST_FILE = YES;
				INFOPLIST_KEY_UIApplicationSceneManifest_Generation = YES;
				INFOPLIST_KEY_UIApplicationSupportsIndirectInputEvents = YES;
				INFOPLIST_KEY_UILaunchScreen_Generation = YES;
				INFOPLIST_KEY_UISupportedInterfaceOrientations_iPad = "UIInterfaceOrientationPortrait UIInterfaceOrientationPortraitUpsideDown UIInterfaceOrientationLandscapeLeft UIInterfaceOrientationLandscapeRight";
				INFOPLIST_KEY_UISupportedInterfaceOrientations_iPhone = "UIInterfaceOrientationPortrait UIInterfaceOrientationLandscapeLeft UIInterfaceOrientationLandscapeRight";
				LD_RUNPATH_SEARCH_PATHS = (
					"$(inherited)",
					"@executable_path/Frameworks",
				);
				MARKETING_VERSION = 1.0;
				PRODUCT_BUNDLE_IDENTIFIER = "com.swift.srl.Notes-App";
				PRODUCT_NAME = "$(TARGET_NAME)";
				SWIFT_EMIT_LOC_STRINGS = YES;
				SWIFT_VERSION = 5.0;
				TARGETED_DEVICE_FAMILY = "1,2";
			};
			name = Release;
		};
/* End XCBuildConfiguration section */

/* Begin XCConfigurationList section */
		FEA73C312C428BEB00671F47 /* Build configuration list for PBXProject "Notes App" */ = {
			isa = XCConfigurationList;
			buildConfigurations = (
				FEA73C422C428BEC00671F47 /* Debug */,
				FEA73C432C428BEC00671F47 /* Release */,
			);
			defaultConfigurationIsVisible = 0;
			defaultConfigurationName = Release;
		};
		FEA73C442C428BEC00671F47 /* Build configuration list for PBXNativeTarget "Notes App" */ = {
			isa = XCConfigurationList;
			buildConfigurations = (
				FEA73C452C428BEC00671F47 /* Debug */,
				FEA73C462C428BEC00671F47 /* Release */,
			);
			defaultConfigurationIsVisible = 0;
			defaultConfigurationName = Release;
		};
/* End XCConfigurationList section */
	};
	rootObject = FEA73C2E2C428BEB00671F47 /* Project object */;
}
